
Microsoft Visual Studio Solution File, Format Version 12.00
# Visual Studio Version 16
VisualStudioVersion = 16.0.30523.141
MinimumVisualStudioVersion = 10.0.40219.1
Project("{FAE04EC0-301F-11D3-BF4B-00C04F79EFBC}") = "losn.array.ovn7", "losn.array.ovn7.csproj", "{84179619-9FF0-44B8-93DD-06B9AAFEDE7A}"
EndProject
Project("{FAE04EC0-301F-11D3-BF4B-00C04F79EFBC}") = "array.losn.array.6", "..\array.losn.3.9\array.losn.array.6.csproj", "{F2F7EC54-5260-48B5-9EA6-DF3147725ABB}"
EndProject
Project("{FAE04EC0-301F-11D3-BF4B-00C04F79EFBC}") = "ovn_array.1", "..\ovn3.1\ovn_array.1.csproj", "{4AC6164E-4CF0-4569-AF7A-D8F6583D6E83}"
EndProject
Global
	GlobalSection(SolutionConfigurationPlatforms) = preSolution
		Debug|Any CPU = Debug|Any CPU
		Release|Any CPU = Release|Any CPU
	EndGlobalSection
	GlobalSection(ProjectConfigurationPlatforms) = postSolution
		{84179619-9FF0-44B8-93DD-06B9AAFEDE7A}.Debug|Any CPU.ActiveCfg = Debug|Any CPU
		{84179619-9FF0-44B8-93DD-06B9AAFEDE7A}.Debug|Any CPU.Build.0 = Debug|Any CPU
		{84179619-9FF0-44B8-93DD-06B9AAFEDE7A}.Release|Any CPU.ActiveCfg = Release|Any CPU
		{84179619-9FF0-44B8-93DD-06B9AAFEDE7A}.Release|Any CPU.Build.0 = Release|Any CPU
		{F2F7EC54-5260-48B5-9EA6-DF3147725ABB}.Debug|Any CPU.ActiveCfg = Debug|Any CPU
		{F2F7EC54-5260-48B5-9EA6-DF3147725ABB}.Debug|Any CPU.Build.0 = Debug|Any CPU
		{F2F7EC54-5260-48B5-9EA6-DF3147725ABB}.Release|Any CPU.ActiveCfg = Release|Any CPU
		{F2F7EC54-5260-48B5-9EA6-DF3147725ABB}.Release|Any CPU.Build.0 = Release|Any CPU
		{4AC6164E-4CF0-4569-AF7A-D8F6583D6E83}.Debug|Any CPU.ActiveCfg = Debug|Any CPU
		{4AC6164E-4CF0-4569-AF7A-D8F6583D6E83}.Debug|Any CPU.Build.0 = Debug|Any CPU
		{4AC6164E-4CF0-4569-AF7A-D8F6583D6E83}.Release|Any CPU.ActiveCfg = Release|Any CPU
		{4AC6164E-4CF0-4569-AF7A-D8F6583D6E83}.Release|Any CPU.Build.0 = Release|Any CPU
	EndGlobalSection
	GlobalSection(SolutionProperties) = preSolution
		HideSolutionNode = FALSE
	EndGlobalSection
	GlobalSection(ExtensibilityGlobals) = postSolution
		SolutionGuid = {44CE85FC-E7D2-460C-86D7-586380E0D795}
	EndGlobalSection
EndGlobal
