
Microsoft Visual Studio Solution File, Format Version 12.00
# Visual Studio Version 16
VisualStudioVersion = 16.0.30523.141
MinimumVisualStudioVersion = 10.0.40219.1
Project("{9A19103F-16F7-4668-BE54-9A1E7A4F7556}") = "ast2.0", "ast2.0.csproj", "{004B05C5-B723-4D3C-88BD-98105EECFAF1}"
EndProject
Project("{9A19103F-16F7-4668-BE54-9A1E7A4F7556}") = "ast2.1", "..\ast2.2\ast2.1.csproj", "{5C86EA3F-05A7-4E59-8EFF-9A793A7DE67D}"
EndProject
Project("{9A19103F-16F7-4668-BE54-9A1E7A4F7556}") = "ast2.2+", "..\ast2.2+\ast2.2+.csproj", "{DB48CA14-BF6C-42BD-8CDF-45BEF15C6DFC}"
EndProject
Project("{FAE04EC0-301F-11D3-BF4B-00C04F79EFBC}") = "2.4", "..\2.4\2.4.csproj", "{56AA8A20-F417-4753-A4DA-ADFF9990FEFA}"
EndProject
Global
	GlobalSection(SolutionConfigurationPlatforms) = preSolution
		Debug|Any CPU = Debug|Any CPU
		Release|Any CPU = Release|Any CPU
	EndGlobalSection
	GlobalSection(ProjectConfigurationPlatforms) = postSolution
		{004B05C5-B723-4D3C-88BD-98105EECFAF1}.Debug|Any CPU.ActiveCfg = Debug|Any CPU
		{004B05C5-B723-4D3C-88BD-98105EECFAF1}.Debug|Any CPU.Build.0 = Debug|Any CPU
		{004B05C5-B723-4D3C-88BD-98105EECFAF1}.Release|Any CPU.ActiveCfg = Release|Any CPU
		{004B05C5-B723-4D3C-88BD-98105EECFAF1}.Release|Any CPU.Build.0 = Release|Any CPU
		{5C86EA3F-05A7-4E59-8EFF-9A793A7DE67D}.Debug|Any CPU.ActiveCfg = Debug|Any CPU
		{5C86EA3F-05A7-4E59-8EFF-9A793A7DE67D}.Debug|Any CPU.Build.0 = Debug|Any CPU
		{5C86EA3F-05A7-4E59-8EFF-9A793A7DE67D}.Release|Any CPU.ActiveCfg = Release|Any CPU
		{5C86EA3F-05A7-4E59-8EFF-9A793A7DE67D}.Release|Any CPU.Build.0 = Release|Any CPU
		{DB48CA14-BF6C-42BD-8CDF-45BEF15C6DFC}.Debug|Any CPU.ActiveCfg = Debug|Any CPU
		{DB48CA14-BF6C-42BD-8CDF-45BEF15C6DFC}.Debug|Any CPU.Build.0 = Debug|Any CPU
		{DB48CA14-BF6C-42BD-8CDF-45BEF15C6DFC}.Release|Any CPU.ActiveCfg = Release|Any CPU
		{DB48CA14-BF6C-42BD-8CDF-45BEF15C6DFC}.Release|Any CPU.Build.0 = Release|Any CPU
		{56AA8A20-F417-4753-A4DA-ADFF9990FEFA}.Debug|Any CPU.ActiveCfg = Debug|Any CPU
		{56AA8A20-F417-4753-A4DA-ADFF9990FEFA}.Debug|Any CPU.Build.0 = Debug|Any CPU
		{56AA8A20-F417-4753-A4DA-ADFF9990FEFA}.Release|Any CPU.ActiveCfg = Release|Any CPU
		{56AA8A20-F417-4753-A4DA-ADFF9990FEFA}.Release|Any CPU.Build.0 = Release|Any CPU
	EndGlobalSection
	GlobalSection(SolutionProperties) = preSolution
		HideSolutionNode = FALSE
	EndGlobalSection
	GlobalSection(ExtensibilityGlobals) = postSolution
		SolutionGuid = {73C7FEFB-22F0-4AF4-8D7B-1D744531EF2F}
	EndGlobalSection
EndGlobal
