
Microsoft Visual Studio Solution File, Format Version 12.00
# Visual Studio Version 16
VisualStudioVersion = 16.0.30523.141
MinimumVisualStudioVersion = 10.0.40219.1
Project("{FAE04EC0-301F-11D3-BF4B-00C04F79EFBC}") = "ConsoleApp1", "ConsoleApp1.csproj", "{989AD062-5496-4E79-93E1-DB560047E2B3}"
EndProject
Global
	GlobalSection(SolutionConfigurationPlatforms) = preSolution
		Debug|Any CPU = Debug|Any CPU
		Release|Any CPU = Release|Any CPU
	EndGlobalSection
	GlobalSection(ProjectConfigurationPlatforms) = postSolution
		{989AD062-5496-4E79-93E1-DB560047E2B3}.Debug|Any CPU.ActiveCfg = Debug|Any CPU
		{989AD062-5496-4E79-93E1-DB560047E2B3}.Debug|Any CPU.Build.0 = Debug|Any CPU
		{989AD062-5496-4E79-93E1-DB560047E2B3}.Release|Any CPU.ActiveCfg = Release|Any CPU
		{989AD062-5496-4E79-93E1-DB560047E2B3}.Release|Any CPU.Build.0 = Release|Any CPU
	EndGlobalSection
	GlobalSection(SolutionProperties) = preSolution
		HideSolutionNode = FALSE
	EndGlobalSection
	GlobalSection(ExtensibilityGlobals) = postSolution
		SolutionGuid = {429A2956-0931-4F71-888D-B332F35B7F2F}
	EndGlobalSection
EndGlobal
